// !$*UTF8*$!
{
	archiveVersion = 1;
	classes = {
	};
	objectVersion = 50;
	objects = {

/* Begin PBXBuildFile section */
		2518779222A81FE600858115 /* AppDelegate.swift in Sources */ = {isa = PBXBuildFile; fileRef = 2518779122A81FE600858115 /* AppDelegate.swift */; };
		2518779522A81FE600858115 /* Every.xcdatamodeld in Sources */ = {isa = PBXBuildFile; fileRef = 2518779322A81FE600858115 /* Every.xcdatamodeld */; };
		2518779722A81FE600858115 /* MasterViewController.swift in Sources */ = {isa = PBXBuildFile; fileRef = 2518779622A81FE600858115 /* MasterViewController.swift */; };
		2518779922A81FE600858115 /* DetailViewController.swift in Sources */ = {isa = PBXBuildFile; fileRef = 2518779822A81FE600858115 /* DetailViewController.swift */; };
		2518779C22A81FE600858115 /* Main.storyboard in Resources */ = {isa = PBXBuildFile; fileRef = 2518779A22A81FE600858115 /* Main.storyboard */; };
		2518779E22A81FE900858115 /* Assets.xcassets in Resources */ = {isa = PBXBuildFile; fileRef = 2518779D22A81FE900858115 /* Assets.xcassets */; };
		251877A122A81FE900858115 /* LaunchScreen.storyboard in Resources */ = {isa = PBXBuildFile; fileRef = 2518779F22A81FE900858115 /* LaunchScreen.storyboard */; };
		251877A922A831AB00858115 /* AddTodoViewController.swift in Sources */ = {isa = PBXBuildFile; fileRef = 251877A822A831AB00858115 /* AddTodoViewController.swift */; };
		251877AB22A831E200858115 /* AddTodo.storyboard in Resources */ = {isa = PBXBuildFile; fileRef = 251877AA22A831E200858115 /* AddTodo.storyboard */; };
/* End PBXBuildFile section */

/* Begin PBXFileReference section */
		2518778E22A81FE600858115 /* Every.app */ = {isa = PBXFileReference; explicitFileType = wrapper.application; includeInIndex = 0; path = Every.app; sourceTree = BUILT_PRODUCTS_DIR; };
		2518779122A81FE600858115 /* AppDelegate.swift */ = {isa = PBXFileReference; lastKnownFileType = sourcecode.swift; path = AppDelegate.swift; sourceTree = "<group>"; };
		2518779422A81FE600858115 /* Every.xcdatamodel */ = {isa = PBXFileReference; lastKnownFileType = wrapper.xcdatamodel; path = Every.xcdatamodel; sourceTree = "<group>"; };
		2518779622A81FE600858115 /* MasterViewController.swift */ = {isa = PBXFileReference; lastKnownFileType = sourcecode.swift; path = MasterViewController.swift; sourceTree = "<group>"; };
		2518779822A81FE600858115 /* DetailViewController.swift */ = {isa = PBXFileReference; lastKnownFileType = sourcecode.swift; path = DetailViewController.swift; sourceTree = "<group>"; };
		2518779B22A81FE600858115 /* Base */ = {isa = PBXFileReference; lastKnownFileType = file.storyboard; name = Base; path = Base.lproj/Main.storyboard; sourceTree = "<group>"; };
		2518779D22A81FE900858115 /* Assets.xcassets */ = {isa = PBXFileReference; lastKnownFileType = folder.assetcatalog; path = Assets.xcassets; sourceTree = "<group>"; };
		251877A022A81FE900858115 /* Base */ = {isa = PBXFileReference; lastKnownFileType = file.storyboard; name = Base; path = Base.lproj/LaunchScreen.storyboard; sourceTree = "<group>"; };
		251877A222A81FE900858115 /* Info.plist */ = {isa = PBXFileReference; lastKnownFileType = text.plist.xml; path = Info.plist; sourceTree = "<group>"; };
		251877A822A831AB00858115 /* AddTodoViewController.swift */ = {isa = PBXFileReference; lastKnownFileType = sourcecode.swift; path = AddTodoViewController.swift; sourceTree = "<group>"; };
		251877AA22A831E200858115 /* AddTodo.storyboard */ = {isa = PBXFileReference; lastKnownFileType = file.storyboard; path = AddTodo.storyboard; sourceTree = "<group>"; };
/* End PBXFileReference section */

/* Begin PBXFrameworksBuildPhase section */
		2518778B22A81FE600858115 /* Frameworks */ = {
			isa = PBXFrameworksBuildPhase;
			buildActionMask = 2147483647;
			files = (
			);
			runOnlyForDeploymentPostprocessing = 0;
		};
/* End PBXFrameworksBuildPhase section */

/* Begin PBXGroup section */
		2518778522A81FE600858115 = {
			isa = PBXGroup;
			children = (
				2518779022A81FE600858115 /* Every */,
				2518778F22A81FE600858115 /* Products */,
			);
			sourceTree = "<group>";
		};
		2518778F22A81FE600858115 /* Products */ = {
			isa = PBXGroup;
			children = (
				2518778E22A81FE600858115 /* Every.app */,
			);
			name = Products;
			sourceTree = "<group>";
		};
		2518779022A81FE600858115 /* Every */ = {
			isa = PBXGroup;
			children = (
				2518779122A81FE600858115 /* AppDelegate.swift */,
				2518779622A81FE600858115 /* MasterViewController.swift */,
				2518779822A81FE600858115 /* DetailViewController.swift */,
				251877A822A831AB00858115 /* AddTodoViewController.swift */,
				2518779A22A81FE600858115 /* Main.storyboard */,
				2518779D22A81FE900858115 /* Assets.xcassets */,
				2518779F22A81FE900858115 /* LaunchScreen.storyboard */,
				251877AA22A831E200858115 /* AddTodo.storyboard */,
				251877A222A81FE900858115 /* Info.plist */,
				2518779322A81FE600858115 /* Every.xcdatamodeld */,
			);
			path = Every;
			sourceTree = "<group>";
		};
/* End PBXGroup section */

/* Begin PBXNativeTarget section */
		2518778D22A81FE600858115 /* Every */ = {
			isa = PBXNativeTarget;
			buildConfigurationList = 251877A522A81FE900858115 /* Build configuration list for PBXNativeTarget "Every" */;
			buildPhases = (
				2518778A22A81FE600858115 /* Sources */,
				2518778B22A81FE600858115 /* Frameworks */,
				2518778C22A81FE600858115 /* Resources */,
			);
			buildRules = (
			);
			dependencies = (
			);
			name = Every;
			productName = Every;
			productReference = 2518778E22A81FE600858115 /* Every.app */;
			productType = "com.apple.product-type.application";
		};
/* End PBXNativeTarget section */

/* Begin PBXProject section */
		2518778622A81FE600858115 /* Project object */ = {
			isa = PBXProject;
			attributes = {
				LastSwiftUpdateCheck = 1020;
				LastUpgradeCheck = 1020;
				ORGANIZATIONNAME = Luiz;
				TargetAttributes = {
					2518778D22A81FE600858115 = {
						CreatedOnToolsVersion = 10.2.1;
					};
				};
			};
			buildConfigurationList = 2518778922A81FE600858115 /* Build configuration list for PBXProject "Every" */;
			compatibilityVersion = "Xcode 9.3";
			developmentRegion = en;
			hasScannedForEncodings = 0;
			knownRegions = (
				en,
				Base,
			);
			mainGroup = 2518778522A81FE600858115;
			productRefGroup = 2518778F22A81FE600858115 /* Products */;
			projectDirPath = "";
			projectRoot = "";
			targets = (
				2518778D22A81FE600858115 /* Every */,
			);
		};
/* End PBXProject section */

/* Begin PBXResourcesBuildPhase section */
		2518778C22A81FE600858115 /* Resources */ = {
			isa = PBXResourcesBuildPhase;
			buildActionMask = 2147483647;
			files = (
				251877AB22A831E200858115 /* AddTodo.storyboard in Resources */,
				251877A122A81FE900858115 /* LaunchScreen.storyboard in Resources */,
				2518779E22A81FE900858115 /* Assets.xcassets in Resources */,
				2518779C22A81FE600858115 /* Main.storyboard in Resources */,
			);
			runOnlyForDeploymentPostprocessing = 0;
		};
/* End PBXResourcesBuildPhase section */

/* Begin PBXSourcesBuildPhase section */
		2518778A22A81FE600858115 /* Sources */ = {
			isa = PBXSourcesBuildPhase;
			buildActionMask = 2147483647;
			files = (
				2518779222A81FE600858115 /* AppDelegate.swift in Sources */,
				251877A922A831AB00858115 /* AddTodoViewController.swift in Sources */,
				2518779522A81FE600858115 /* Every.xcdatamodeld in Sources */,
				2518779722A81FE600858115 /* MasterViewController.swift in Sources */,
				2518779922A81FE600858115 /* DetailViewController.swift in Sources */,
			);
			runOnlyForDeploymentPostprocessing = 0;
		};
/* End PBXSourcesBuildPhase section */

/* Begin PBXVariantGroup section */
		2518779A22A81FE600858115 /* Main.storyboard */ = {
			isa = PBXVariantGroup;
			children = (
				2518779B22A81FE600858115 /* Base */,
			);
			name = Main.storyboard;
			sourceTree = "<group>";
		};
		2518779F22A81FE900858115 /* LaunchScreen.storyboard */ = {
			isa = PBXVariantGroup;
			children = (
				251877A022A81FE900858115 /* Base */,
			);
			name = LaunchScreen.storyboard;
			sourceTree = "<group>";
		};
/* End PBXVariantGroup section */

/* Begin XCBuildConfiguration section */
		251877A322A81FE900858115 /* Debug */ = {
			isa = XCBuildConfiguration;
			buildSettings = {
				ALWAYS_SEARCH_USER_PATHS = NO;
				CLANG_ANALYZER_NONNULL = YES;
				CLANG_ANALYZER_NUMBER_OBJECT_CONVERSION = YES_AGGRESSIVE;
				CLANG_CXX_LANGUAGE_STANDARD = "gnu++14";
				CLANG_CXX_LIBRARY = "libc++";
				CLANG_ENABLE_MODULES = YES;
				CLANG_ENABLE_OBJC_ARC = YES;
				CLANG_ENABLE_OBJC_WEAK = YES;
				CLANG_WARN_BLOCK_CAPTURE_AUTORELEASING = YES;
				CLANG_WARN_BOOL_CONVERSION = YES;
				CLANG_WARN_COMMA = YES;
				CLANG_WARN_CONSTANT_CONVERSION = YES;
				CLANG_WARN_DEPRECATED_OBJC_IMPLEMENTATIONS = YES;
				CLANG_WARN_DIRECT_OBJC_ISA_USAGE = YES_ERROR;
				CLANG_WARN_DOCUMENTATION_COMMENTS = YES;
				CLANG_WARN_EMPTY_BODY = YES;
				CLANG_WARN_ENUM_CONVERSION = YES;
				CLANG_WARN_INFINITE_RECURSION = YES;
				CLANG_WARN_INT_CONVERSION = YES;
				CLANG_WARN_NON_LITERAL_NULL_CONVERSION = YES;
				CLANG_WARN_OBJC_IMPLICIT_RETAIN_SELF = YES;
				CLANG_WARN_OBJC_LITERAL_CONVERSION = YES;
				CLANG_WARN_OBJC_ROOT_CLASS = YES_ERROR;
				CLANG_WARN_RANGE_LOOP_ANALYSIS = YES;
				CLANG_WARN_STRICT_PROTOTYPES = YES;
				CLANG_WARN_SUSPICIOUS_MOVE = YES;
				CLANG_WARN_UNGUARDED_AVAILABILITY = YES_AGGRESSIVE;
				CLANG_WARN_UNREACHABLE_CODE = YES;
				CLANG_WARN__DUPLICATE_METHOD_MATCH = YES;
				CODE_SIGN_IDENTITY = "iPhone Developer";
				COPY_PHASE_STRIP = NO;
				DEBUG_INFORMATION_FORMAT = dwarf;
				ENABLE_STRICT_OBJC_MSGSEND = YES;
				ENABLE_TESTABILITY = YES;
				GCC_C_LANGUAGE_STANDARD = gnu11;
				GCC_DYNAMIC_NO_PIC = NO;
				GCC_NO_COMMON_BLOCKS = YES;
				GCC_OPTIMIZATION_LEVEL = 0;
				GCC_PREPROCESSOR_DEFINITIONS = (
					"DEBUG=1",
					"$(inherited)",
				);
				GCC_WARN_64_TO_32_BIT_CONVERSION = YES;
				GCC_WARN_ABOUT_RETURN_TYPE = YES_ERROR;
				GCC_WARN_UNDECLARED_SELECTOR = YES;
				GCC_WARN_UNINITIALIZED_AUTOS = YES_AGGRESSIVE;
				GCC_WARN_UNUSED_FUNCTION = YES;
				GCC_WARN_UNUSED_VARIABLE = YES;
				IPHONEOS_DEPLOYMENT_TARGET = 12.2;
				MTL_ENABLE_DEBUG_INFO = INCLUDE_SOURCE;
				MTL_FAST_MATH = YES;
				ONLY_ACTIVE_ARCH = YES;
				SDKROOT = iphoneos;
				SWIFT_ACTIVE_COMPILATION_CONDITIONS = DEBUG;
				SWIFT_OPTIMIZATION_LEVEL = "-Onone";
			};
			name = Debug;
		};
		251877A422A81FE900858115 /* Release */ = {
			isa = XCBuildConfiguration;
			buildSettings = {
				ALWAYS_SEARCH_USER_PATHS = NO;
				CLANG_ANALYZER_NONNULL = YES;
				CLANG_ANALYZER_NUMBER_OBJECT_CONVERSION = YES_AGGRESSIVE;
				CLANG_CXX_LANGUAGE_STANDARD = "gnu++14";
				CLANG_CXX_LIBRARY = "libc++";
				CLANG_ENABLE_MODULES = YES;
				CLANG_ENABLE_OBJC_ARC = YES;
				CLANG_ENABLE_OBJC_WEAK = YES;
				CLANG_WARN_BLOCK_CAPTURE_AUTORELEASING = YES;
				CLANG_WARN_BOOL_CONVERSION = YES;
				CLANG_WARN_COMMA = YES;
				CLANG_WARN_CONSTANT_CONVERSION = YES;
				CLANG_WARN_DEPRECATED_OBJC_IMPLEMENTATIONS = YES;
				CLANG_WARN_DIRECT_OBJC_ISA_USAGE = YES_ERROR;
				CLANG_WARN_DOCUMENTATION_COMMENTS = YES;
				CLANG_WARN_EMPTY_BODY = YES;
				CLANG_WARN_ENUM_CONVERSION = YES;
				CLANG_WARN_INFINITE_RECURSION = YES;
				CLANG_WARN_INT_CONVERSION = YES;
				CLANG_WARN_NON_LITERAL_NULL_CONVERSION = YES;
				CLANG_WARN_OBJC_IMPLICIT_RETAIN_SELF = YES;
				CLANG_WARN_OBJC_LITERAL_CONVERSION = YES;
				CLANG_WARN_OBJC_ROOT_CLASS = YES_ERROR;
				CLANG_WARN_RANGE_LOOP_ANALYSIS = YES;
				CLANG_WARN_STRICT_PROTOTYPES = YES;
				CLANG_WARN_SUSPICIOUS_MOVE = YES;
				CLANG_WARN_UNGUARDED_AVAILABILITY = YES_AGGRESSIVE;
				CLANG_WARN_UNREACHABLE_CODE = YES;
				CLANG_WARN__DUPLICATE_METHOD_MATCH = YES;
				CODE_SIGN_IDENTITY = "iPhone Developer";
				COPY_PHASE_STRIP = NO;
				DEBUG_INFORMATION_FORMAT = "dwarf-with-dsym";
				ENABLE_NS_ASSERTIONS = NO;
				ENABLE_STRICT_OBJC_MSGSEND = YES;
				GCC_C_LANGUAGE_STANDARD = gnu11;
				GCC_NO_COMMON_BLOCKS = YES;
				GCC_WARN_64_TO_32_BIT_CONVERSION = YES;
				GCC_WARN_ABOUT_RETURN_TYPE = YES_ERROR;
				GCC_WARN_UNDECLARED_SELECTOR = YES;
				GCC_WARN_UNINITIALIZED_AUTOS = YES_AGGRESSIVE;
				GCC_WARN_UNUSED_FUNCTION = YES;
				GCC_WARN_UNUSED_VARIABLE = YES;
				IPHONEOS_DEPLOYMENT_TARGET = 12.2;
				MTL_ENABLE_DEBUG_INFO = NO;
				MTL_FAST_MATH = YES;
				SDKROOT = iphoneos;
				SWIFT_COMPILATION_MODE = wholemodule;
				SWIFT_OPTIMIZATION_LEVEL = "-O";
				VALIDATE_PRODUCT = YES;
			};
			name = Release;
		};
		251877A622A81FE900858115 /* Debug */ = {
			isa = XCBuildConfiguration;
			buildSettings = {
				ASSETCATALOG_COMPILER_APPICON_NAME = AppIcon;
				CODE_SIGN_STYLE = Automatic;
				DEVELOPMENT_TEAM = 489ZVWUGPK;
				INFOPLIST_FILE = Every/Info.plist;
				LD_RUNPATH_SEARCH_PATHS = (
					"$(inherited)",
					"@executable_path/Frameworks",
				);
				PRODUCT_BUNDLE_IDENTIFIER = code.luizramos.Every;
				PRODUCT_NAME = "$(TARGET_NAME)";
				SWIFT_VERSION = 5.0;
				TARGETED_DEVICE_FAMILY = "1,2";
			};
			name = Debug;
		};
		251877A722A81FE900858115 /* Release */ = {
			isa = XCBuildConfiguration;
			buildSettings = {
				ASSETCATALOG_COMPILER_APPICON_NAME = AppIcon;
				CODE_SIGN_STYLE = Automatic;
				DEVELOPMENT_TEAM = 489ZVWUGPK;
				INFOPLIST_FILE = Every/Info.plist;
				LD_RUNPATH_SEARCH_PATHS = (
					"$(inherited)",
					"@executable_path/Frameworks",
				);
				PRODUCT_BUNDLE_IDENTIFIER = code.luizramos.Every;
				PRODUCT_NAME = "$(TARGET_NAME)";
				SWIFT_VERSION = 5.0;
				TARGETED_DEVICE_FAMILY = "1,2";
			};
			name = Release;
		};
/* End XCBuildConfiguration section */

/* Begin XCConfigurationList section */
		2518778922A81FE600858115 /* Build configuration list for PBXProject "Every" */ = {
			isa = XCConfigurationList;
			buildConfigurations = (
				251877A322A81FE900858115 /* Debug */,
				251877A422A81FE900858115 /* Release */,
			);
			defaultConfigurationIsVisible = 0;
			defaultConfigurationName = Release;
		};
		251877A522A81FE900858115 /* Build configuration list for PBXNativeTarget "Every" */ = {
			isa = XCConfigurationList;
			buildConfigurations = (
				251877A622A81FE900858115 /* Debug */,
				251877A722A81FE900858115 /* Release */,
			);
			defaultConfigurationIsVisible = 0;
			defaultConfigurationName = Release;
		};
/* End XCConfigurationList section */

/* Begin XCVersionGroup section */
		2518779322A81FE600858115 /* Every.xcdatamodeld */ = {
			isa = XCVersionGroup;
			children = (
				2518779422A81FE600858115 /* Every.xcdatamodel */,
			);
			currentVersion = 2518779422A81FE600858115 /* Every.xcdatamodel */;
			path = Every.xcdatamodeld;
			sourceTree = "<group>";
			versionGroupType = wrapper.xcdatamodel;
		};
/* End XCVersionGroup section */
	};
	rootObject = 2518778622A81FE600858115 /* Project object */;
}
